{
  "pins" : [
    {
      "identity" : "wwonboardingviewcontroller",
      "kind" : "remoteSourceControl",
      "location" : "https://github.com/William-Weng/WWOnBoardingViewController",
      "state" : {
        "revision" : "7f738c6ed1ace595cedb951d0f5626644d52929f",
        "version" : "1.2.1"
      }
    },
    {
      "identity" : "wwprint",
      "kind" : "remoteSourceControl",
      "location" : "https://github.com/William-Weng/WWPrint.git",
      "state" : {
        "revision" : "edb791ed5e59c0f4044810d21a89102a440e2fbd",
        "version" : "1.2.1"
      }
    }
  ],
  "version" : 2
}
