{
  "pins" : [
    {
      "identity" : "wwonboardingviewcontroller",
      "kind" : "remoteSourceControl",
      "location" : "https://github.com/William-Weng/WWOnBoardingViewController",
      "state" : {
        "revision" : "9acd90c7a6433906110fbb980400c96850c930a9",
        "version" : "1.1.1"
      }
    },
    {
      "identity" : "wwprint",
      "kind" : "remoteSourceControl",
      "location" : "https://github.com/William-Weng/WWPrint",
      "state" : {
        "revision" : "edb791ed5e59c0f4044810d21a89102a440e2fbd",
        "version" : "1.2.1"
      }
    }
  ],
  "version" : 2
}
